
Microsoft Visual Studio Solution File, Format Version 12.00
# Visual Studio 15
VisualStudioVersion = 15.0.28010.2036
MinimumVisualStudioVersion = 10.0.40219.1
Project("{FAE04EC0-301F-11D3-BF4B-00C04F79EFBC}") = "RallyUp.Android", "RallyUp\RallyUp.Android\RallyUp.Android.csproj", "{04C694BB-F5B9-4700-A72B-A96CFB698616}"
EndProject
Project("{9A19103F-16F7-4668-BE54-9A1E7A4F7556}") = "RallyUp", "RallyUp\RallyUp\RallyUp.csproj", "{8ED63E53-FBC3-4701-93C4-14150977403E}"
EndProject
Global
	GlobalSection(SolutionConfigurationPlatforms) = preSolution
		Debug|Any CPU = Debug|Any CPU
		Release|Any CPU = Release|Any CPU
	EndGlobalSection
	GlobalSection(ProjectConfigurationPlatforms) = postSolution
		{04C694BB-F5B9-4700-A72B-A96CFB698616}.Debug|Any CPU.ActiveCfg = Debug|Any CPU
		{04C694BB-F5B9-4700-A72B-A96CFB698616}.Debug|Any CPU.Build.0 = Debug|Any CPU
		{04C694BB-F5B9-4700-A72B-A96CFB698616}.Debug|Any CPU.Deploy.0 = Debug|Any CPU
		{04C694BB-F5B9-4700-A72B-A96CFB698616}.Release|Any CPU.ActiveCfg = Release|Any CPU
		{04C694BB-F5B9-4700-A72B-A96CFB698616}.Release|Any CPU.Build.0 = Release|Any CPU
		{04C694BB-F5B9-4700-A72B-A96CFB698616}.Release|Any CPU.Deploy.0 = Release|Any CPU
		{8ED63E53-FBC3-4701-93C4-14150977403E}.Debug|Any CPU.ActiveCfg = Debug|Any CPU
		{8ED63E53-FBC3-4701-93C4-14150977403E}.Debug|Any CPU.Build.0 = Debug|Any CPU
		{8ED63E53-FBC3-4701-93C4-14150977403E}.Release|Any CPU.ActiveCfg = Release|Any CPU
		{8ED63E53-FBC3-4701-93C4-14150977403E}.Release|Any CPU.Build.0 = Release|Any CPU
	EndGlobalSection
	GlobalSection(SolutionProperties) = preSolution
		HideSolutionNode = FALSE
	EndGlobalSection
	GlobalSection(ExtensibilityGlobals) = postSolution
		SolutionGuid = {77BABFE0-98A1-4AF3-95FB-6D8273F2AA46}
	EndGlobalSection
EndGlobal
